
Microsoft Visual Studio Solution File, Format Version 12.00
# Visual Studio Version 16
VisualStudioVersion = 16.0.30204.135
MinimumVisualStudioVersion = 10.0.40219.1
Project("{FAE04EC0-301F-11D3-BF4B-00C04F79EFBC}") = "AzureSentinel_ManagementAPI", "AzureSentinel_ManagementAPI\AzureSentinel_ManagementAPI.csproj", "{F5D25CF4-7FA5-43C3-A14A-28C8816701BF}"
EndProject
Global
	GlobalSection(SolutionConfigurationPlatforms) = preSolution
		Debug|Any CPU = Debug|Any CPU
		Release|Any CPU = Release|Any CPU
	EndGlobalSection
	GlobalSection(ProjectConfigurationPlatforms) = postSolution
		{F5D25CF4-7FA5-43C3-A14A-28C8816701BF}.Debug|Any CPU.ActiveCfg = Debug|Any CPU
		{F5D25CF4-7FA5-43C3-A14A-28C8816701BF}.Debug|Any CPU.Build.0 = Debug|Any CPU
		{F5D25CF4-7FA5-43C3-A14A-28C8816701BF}.Release|Any CPU.ActiveCfg = Release|Any CPU
		{F5D25CF4-7FA5-43C3-A14A-28C8816701BF}.Release|Any CPU.Build.0 = Release|Any CPU
	EndGlobalSection
	GlobalSection(SolutionProperties) = preSolution
		HideSolutionNode = FALSE
	EndGlobalSection
	GlobalSection(ExtensibilityGlobals) = postSolution
		SolutionGuid = {540DF26E-3A66-49E5-8560-20C3006303AE}
	EndGlobalSection
EndGlobal
