{
  "name": "sentinelsoarplaybook",
  "version": "1.0.0",
  "lockfileVersion": 3,
  "requires": true,
  "packages": {
    "": {
      "name": "sentinelsoarplaybook",
      "version": "1.0.0",
      "dependencies": {
        "@azure/functions": "^4.0.0"
      },
      "devDependencies": {}
    },
    "node_modules/@azure/functions": {
      "version": "4.5.1",
      "resolved": "https://registry.npmjs.org/@azure/functions/-/functions-4.5.1.tgz",
      "integrity": "sha512-ikiw1IrM2W9NlQM3XazcX+4Sq3XAjZi4eeG22B5InKC2x5i7MatGF2S/Gn1ACZ+fEInwu+Ru9J8DlnBv1/hIvg==",
      "license": "MIT",
      "dependencies": {
        "cookie": "^0.6.0",
        "long": "^4.0.0",
        "undici": "^5.13.0"
      },
      "engines": {
        "node": ">=18.0"
      }
    },
    "node_modules/@fastify/busboy": {
      "version": "2.1.1",
      "resolved": "https://registry.npmjs.org/@fastify/busboy/-/busboy-2.1.1.tgz",
      "integrity": "sha512-vBZP4NlzfOlerQTnba4aqZoMhE/a9HY7HRqoOPaETQcSQuWEIyZMHGfVu6w9wGtGK5fED5qRs2DteVCjOH60sA==",
      "license": "MIT",
      "engines": {
        "node": ">=14"
      }
    },
    "node_modules/cookie": {
      "version": "0.6.0",
      "resolved": "https://registry.npmjs.org/cookie/-/cookie-0.6.0.tgz",
      "integrity": "sha512-U71cyTamuh1CRNCfpGY6to28lxvNwPG4Guz/EVjgf3Jmzv0vlDp1atT9eS5dDjMYHucpHbWns6Lwf3BKz6svdw==",
      "license": "MIT",
      "engines": {
        "node": ">= 0.6"
      }
    },
    "node_modules/long": {
      "version": "4.0.0",
      "resolved": "https://registry.npmjs.org/long/-/long-4.0.0.tgz",
      "integrity": "sha512-XsP+KhQif4bjX1kbuSiySJFNAehNxgLb6hPRGJ9QsUr8ajHkuXGdrHmFUTUUXhDwVX2R5bY4JNZEwbUiMhV+MA==",
      "license": "Apache-2.0"
    },
    "node_modules/undici": {
      "version": "5.28.4",
      "resolved": "https://registry.npmjs.org/undici/-/undici-5.28.4.tgz",
      "integrity": "sha512-72RFADWFqKmUb2hmmvNODKL3p9hcB6Gt2DOQMis1SEBaV6a4MH8soBvzg+95CYhCKPFedut2JY9bMfrDl9D23g==",
      "license": "MIT",
      "dependencies": {
        "@fastify/busboy": "^2.0.0"
      },
      "engines": {
        "node": ">=14.0"
      }
    }
  }
}
