
Microsoft Visual Studio Solution File, Format Version 12.00
# Visual Studio Version 16
VisualStudioVersion = 16.0.30621.155
MinimumVisualStudioVersion = 10.0.40219.1
Project("{9A19103F-16F7-4668-BE54-9A1E7A4F7556}") = "Kqlvalidations.Tests", "Kqlvalidations.Tests.csproj", "{5B7A7358-FA15-45A7-B780-50180855845C}"
EndProject
Global
	GlobalSection(SolutionConfigurationPlatforms) = preSolution
		Debug|Any CPU = Debug|Any CPU
		Release|Any CPU = Release|Any CPU
	EndGlobalSection
	GlobalSection(ProjectConfigurationPlatforms) = postSolution
		{5B7A7358-FA15-45A7-B780-50180855845C}.Debug|Any CPU.ActiveCfg = Debug|Any CPU
		{5B7A7358-FA15-45A7-B780-50180855845C}.Debug|Any CPU.Build.0 = Debug|Any CPU
		{5B7A7358-FA15-45A7-B780-50180855845C}.Release|Any CPU.ActiveCfg = Release|Any CPU
		{5B7A7358-FA15-45A7-B780-50180855845C}.Release|Any CPU.Build.0 = Release|Any CPU
	EndGlobalSection
	GlobalSection(SolutionProperties) = preSolution
		HideSolutionNode = FALSE
	EndGlobalSection
	GlobalSection(ExtensibilityGlobals) = postSolution
		SolutionGuid = {124224FB-925A-471B-98D9-FDA777B8AEC3}
	EndGlobalSection
EndGlobal
