
Microsoft Visual Studio Solution File, Format Version 12.00
# Visual Studio Version 16
VisualStudioVersion = 16.0.30204.135
MinimumVisualStudioVersion = 10.0.40219.1
Project("{FAE04EC0-301F-11D3-BF4B-00C04F79EFBC}") = "HttpDataCollectorAPI", "HttpDataCollectorAPI\HttpDataCollectorAPI.csproj", "{03E4B775-602C-4280-9FBB-9561533E10E2}"
EndProject
Global
	GlobalSection(SolutionConfigurationPlatforms) = preSolution
		Debug|Any CPU = Debug|Any CPU
		Release|Any CPU = Release|Any CPU
	EndGlobalSection
	GlobalSection(ProjectConfigurationPlatforms) = postSolution
		{03E4B775-602C-4280-9FBB-9561533E10E2}.Debug|Any CPU.ActiveCfg = Debug|Any CPU
		{03E4B775-602C-4280-9FBB-9561533E10E2}.Debug|Any CPU.Build.0 = Debug|Any CPU
		{03E4B775-602C-4280-9FBB-9561533E10E2}.Release|Any CPU.ActiveCfg = Release|Any CPU
		{03E4B775-602C-4280-9FBB-9561533E10E2}.Release|Any CPU.Build.0 = Release|Any CPU
	EndGlobalSection
	GlobalSection(SolutionProperties) = preSolution
		HideSolutionNode = FALSE
	EndGlobalSection
	GlobalSection(ExtensibilityGlobals) = postSolution
		SolutionGuid = {12232881-6D87-48A1-990C-824584ECD3EF}
	EndGlobalSection
EndGlobal
