
Microsoft Visual Studio Solution File, Format Version 12.00
# Visual Studio Version 16
VisualStudioVersion = 16.0.29806.167
MinimumVisualStudioVersion = 10.0.40219.1
Project("{2150E333-8FDC-42A3-9474-1A3956D46DE8}") = "source", "source", "{28F610A2-259D-4821-BE26-B5E0219F7C8A}"
EndProject
Project("{2150E333-8FDC-42A3-9474-1A3956D46DE8}") = "common", "common", "{28B6C35F-B155-4604-ADA3-897F3637C4B1}"
EndProject
Project("{2150E333-8FDC-42A3-9474-1A3956D46DE8}") = "SolutionItems", "SolutionItems", "{53E939D9-150C-46D6-B2BD-7BBF6EC73DD3}"
	ProjectSection(SolutionItems) = preProject
		readme.md = readme.md
	EndProjectSection
EndProject
Project("{9A19103F-16F7-4668-BE54-9A1E7A4F7556}") = "Teams.CustomConnector.Common", "Teams.CustomConnector.Common\Teams.CustomConnector.Common.csproj", "{D94122D1-FE0C-4D9E-8238-F6352D1CFD2E}"
EndProject
Project("{9A19103F-16F7-4668-BE54-9A1E7A4F7556}") = "Teams.CustomConnector.Models", "Teams.CustomConnector.Models\Teams.CustomConnector.Models.csproj", "{82D36A54-D00E-4DE5-9FC0-D58206FB6BB2}"
EndProject
Project("{9A19103F-16F7-4668-BE54-9A1E7A4F7556}") = "Teams.CustomConnector.StorageHandler", "Teams.CustomConnector.StorageHandler\Teams.CustomConnector.StorageHandler.csproj", "{DF8277C0-A972-4F58-9652-E955512669E5}"
EndProject
Project("{9A19103F-16F7-4668-BE54-9A1E7A4F7556}") = "Teams.CustomConnector.Processor", "Teams.CustomConnector.Processor\Teams.CustomConnector.Processor.csproj", "{93230D8D-47E6-45A8-840A-7C59EA71B965}"
EndProject
Project("{9A19103F-16F7-4668-BE54-9A1E7A4F7556}") = "Teams.CustomConnector.Serverless", "Teams.CustomConnector.Serverless\Teams.CustomConnector.Serverless.csproj", "{83B2E119-F961-4540-952A-23499B47E0B8}"
EndProject
Project("{9A19103F-16F7-4668-BE54-9A1E7A4F7556}") = "Teams.CustomConnector.Sentinel", "Teams.CustomConnector.Sentinel\Teams.CustomConnector.Sentinel.csproj", "{A2AE9F87-91EE-4A9D-A5F5-76FB2E702CC5}"
EndProject
Global
	GlobalSection(SolutionConfigurationPlatforms) = preSolution
		Debug|Any CPU = Debug|Any CPU
		Release|Any CPU = Release|Any CPU
	EndGlobalSection
	GlobalSection(ProjectConfigurationPlatforms) = postSolution
		{D94122D1-FE0C-4D9E-8238-F6352D1CFD2E}.Debug|Any CPU.ActiveCfg = Debug|Any CPU
		{D94122D1-FE0C-4D9E-8238-F6352D1CFD2E}.Debug|Any CPU.Build.0 = Debug|Any CPU
		{D94122D1-FE0C-4D9E-8238-F6352D1CFD2E}.Release|Any CPU.ActiveCfg = Release|Any CPU
		{D94122D1-FE0C-4D9E-8238-F6352D1CFD2E}.Release|Any CPU.Build.0 = Release|Any CPU
		{82D36A54-D00E-4DE5-9FC0-D58206FB6BB2}.Debug|Any CPU.ActiveCfg = Debug|Any CPU
		{82D36A54-D00E-4DE5-9FC0-D58206FB6BB2}.Debug|Any CPU.Build.0 = Debug|Any CPU
		{82D36A54-D00E-4DE5-9FC0-D58206FB6BB2}.Release|Any CPU.ActiveCfg = Release|Any CPU
		{82D36A54-D00E-4DE5-9FC0-D58206FB6BB2}.Release|Any CPU.Build.0 = Release|Any CPU
		{DF8277C0-A972-4F58-9652-E955512669E5}.Debug|Any CPU.ActiveCfg = Debug|Any CPU
		{DF8277C0-A972-4F58-9652-E955512669E5}.Debug|Any CPU.Build.0 = Debug|Any CPU
		{DF8277C0-A972-4F58-9652-E955512669E5}.Release|Any CPU.ActiveCfg = Release|Any CPU
		{DF8277C0-A972-4F58-9652-E955512669E5}.Release|Any CPU.Build.0 = Release|Any CPU
		{93230D8D-47E6-45A8-840A-7C59EA71B965}.Debug|Any CPU.ActiveCfg = Debug|Any CPU
		{93230D8D-47E6-45A8-840A-7C59EA71B965}.Debug|Any CPU.Build.0 = Debug|Any CPU
		{93230D8D-47E6-45A8-840A-7C59EA71B965}.Release|Any CPU.ActiveCfg = Release|Any CPU
		{93230D8D-47E6-45A8-840A-7C59EA71B965}.Release|Any CPU.Build.0 = Release|Any CPU
		{83B2E119-F961-4540-952A-23499B47E0B8}.Debug|Any CPU.ActiveCfg = Debug|Any CPU
		{83B2E119-F961-4540-952A-23499B47E0B8}.Debug|Any CPU.Build.0 = Debug|Any CPU
		{83B2E119-F961-4540-952A-23499B47E0B8}.Release|Any CPU.ActiveCfg = Release|Any CPU
		{83B2E119-F961-4540-952A-23499B47E0B8}.Release|Any CPU.Build.0 = Release|Any CPU
		{A2AE9F87-91EE-4A9D-A5F5-76FB2E702CC5}.Debug|Any CPU.ActiveCfg = Debug|Any CPU
		{A2AE9F87-91EE-4A9D-A5F5-76FB2E702CC5}.Debug|Any CPU.Build.0 = Debug|Any CPU
		{A2AE9F87-91EE-4A9D-A5F5-76FB2E702CC5}.Release|Any CPU.ActiveCfg = Release|Any CPU
		{A2AE9F87-91EE-4A9D-A5F5-76FB2E702CC5}.Release|Any CPU.Build.0 = Release|Any CPU
	EndGlobalSection
	GlobalSection(SolutionProperties) = preSolution
		HideSolutionNode = FALSE
	EndGlobalSection
	GlobalSection(NestedProjects) = preSolution
		{28B6C35F-B155-4604-ADA3-897F3637C4B1} = {28F610A2-259D-4821-BE26-B5E0219F7C8A}
		{D94122D1-FE0C-4D9E-8238-F6352D1CFD2E} = {28B6C35F-B155-4604-ADA3-897F3637C4B1}
		{82D36A54-D00E-4DE5-9FC0-D58206FB6BB2} = {28B6C35F-B155-4604-ADA3-897F3637C4B1}
		{DF8277C0-A972-4F58-9652-E955512669E5} = {28B6C35F-B155-4604-ADA3-897F3637C4B1}
		{93230D8D-47E6-45A8-840A-7C59EA71B965} = {28F610A2-259D-4821-BE26-B5E0219F7C8A}
		{83B2E119-F961-4540-952A-23499B47E0B8} = {28F610A2-259D-4821-BE26-B5E0219F7C8A}
		{A2AE9F87-91EE-4A9D-A5F5-76FB2E702CC5} = {28F610A2-259D-4821-BE26-B5E0219F7C8A}
	EndGlobalSection
	GlobalSection(ExtensibilityGlobals) = postSolution
		SolutionGuid = {B43CB6C0-64F3-4AEE-9FE5-F2311D71766A}
	EndGlobalSection
EndGlobal
