
Microsoft Visual Studio Solution File, Format Version 12.00
# Visual Studio Version 16
VisualStudioVersion = 16.0.31129.286
MinimumVisualStudioVersion = 10.0.40219.1
Project("{9A19103F-16F7-4668-BE54-9A1E7A4F7556}") = "RDAPQuery", "RDAPQuery\RDAPQuery.csproj", "{19CEA8D8-3865-4ADD-BFB3-E0325D0F8EB6}"
EndProject
Global
	GlobalSection(SolutionConfigurationPlatforms) = preSolution
		Debug|Any CPU = Debug|Any CPU
		Release|Any CPU = Release|Any CPU
	EndGlobalSection
	GlobalSection(ProjectConfigurationPlatforms) = postSolution
		{19CEA8D8-3865-4ADD-BFB3-E0325D0F8EB6}.Debug|Any CPU.ActiveCfg = Debug|Any CPU
		{19CEA8D8-3865-4ADD-BFB3-E0325D0F8EB6}.Debug|Any CPU.Build.0 = Debug|Any CPU
		{19CEA8D8-3865-4ADD-BFB3-E0325D0F8EB6}.Release|Any CPU.ActiveCfg = Release|Any CPU
		{19CEA8D8-3865-4ADD-BFB3-E0325D0F8EB6}.Release|Any CPU.Build.0 = Release|Any CPU
	EndGlobalSection
	GlobalSection(SolutionProperties) = preSolution
		HideSolutionNode = FALSE
	EndGlobalSection
	GlobalSection(ExtensibilityGlobals) = postSolution
		SolutionGuid = {00037468-82AC-4026-A86B-57F111815A59}
	EndGlobalSection
EndGlobal
