
Microsoft Visual Studio Solution File, Format Version 12.00
# Visual Studio Version 16
VisualStudioVersion = 16.0.29001.49
MinimumVisualStudioVersion = 10.0.40219.1
Project("{FAE04EC0-301F-11D3-BF4B-00C04F79EFBC}") = "SampleDataIngestTool", "SampleDataIngestTool.csproj", "{B743EC01-02A5-4E52-95A7-D645CF5706B5}"
EndProject
Global
	GlobalSection(SolutionConfigurationPlatforms) = preSolution
		Debug|Any CPU = Debug|Any CPU
		Release|Any CPU = Release|Any CPU
	EndGlobalSection
	GlobalSection(ProjectConfigurationPlatforms) = postSolution
		{B743EC01-02A5-4E52-95A7-D645CF5706B5}.Debug|Any CPU.ActiveCfg = Debug|Any CPU
		{B743EC01-02A5-4E52-95A7-D645CF5706B5}.Debug|Any CPU.Build.0 = Debug|Any CPU
		{B743EC01-02A5-4E52-95A7-D645CF5706B5}.Release|Any CPU.ActiveCfg = Release|Any CPU
		{B743EC01-02A5-4E52-95A7-D645CF5706B5}.Release|Any CPU.Build.0 = Release|Any CPU
	EndGlobalSection
	GlobalSection(SolutionProperties) = preSolution
		HideSolutionNode = FALSE
	EndGlobalSection
	GlobalSection(ExtensibilityGlobals) = postSolution
		SolutionGuid = {60B1246B-B0F9-4561-9887-5BED6A3E5A05}
	EndGlobalSection
EndGlobal
