
Microsoft Visual Studio Solution File, Format Version 12.00
# Visual Studio Version 17
VisualStudioVersion = 17.5.33627.172
MinimumVisualStudioVersion = 10.0.40219.1
Project("{9A19103F-16F7-4668-BE54-9A1E7A4F7556}") = "Varonis.Sentinel.Functions", "Varonis.Sentinel.Functions\Varonis.Sentinel.Functions.csproj", "{3DB744ED-E321-456E-8B54-C1090223B5D7}"
EndProject
Project("{2150E333-8FDC-42A3-9474-1A3956D46DE8}") = "Solution Items", "Solution Items", "{1AD1ECC3-1E56-4CEF-9EE8-B0C1CE3E0DEE}"
	ProjectSection(SolutionItems) = preProject
		NuGet.config = NuGet.config
	EndProjectSection
EndProject
Global
	GlobalSection(SolutionConfigurationPlatforms) = preSolution
		Debug|Any CPU = Debug|Any CPU
		Release|Any CPU = Release|Any CPU
	EndGlobalSection
	GlobalSection(ProjectConfigurationPlatforms) = postSolution
		{3DB744ED-E321-456E-8B54-C1090223B5D7}.Debug|Any CPU.ActiveCfg = Debug|Any CPU
		{3DB744ED-E321-456E-8B54-C1090223B5D7}.Debug|Any CPU.Build.0 = Debug|Any CPU
		{3DB744ED-E321-456E-8B54-C1090223B5D7}.Release|Any CPU.ActiveCfg = Release|Any CPU
		{3DB744ED-E321-456E-8B54-C1090223B5D7}.Release|Any CPU.Build.0 = Release|Any CPU
	EndGlobalSection
	GlobalSection(SolutionProperties) = preSolution
		HideSolutionNode = FALSE
	EndGlobalSection
	GlobalSection(ExtensibilityGlobals) = postSolution
		SolutionGuid = {5E78338E-0AA0-4B43-AC5E-96C4C9EE41E6}
	EndGlobalSection
EndGlobal
