Microsoft Visual Studio Solution File, Format Version 12.00
# Visual Studio Version 16
VisualStudioVersion = 25.0.1704.0
MinimumVisualStudioVersion = 10.0.40219.1
Project("{FAE04EC0-301F-11D3-BF4B-00C04F79EFBC}") = "IncidentProducer", "IncidentProducer\IncidentProducer.csproj", "{C6F239A3-EFA8-479B-B9FE-2C572AFDEAA6}"
EndProject
Project("{FAE04EC0-301F-11D3-BF4B-00C04F79EFBC}") = "IncidentConsumer", "IncidentConsumer\IncidentConsumer.csproj", "{BCE465F2-496F-48E9-8246-CCC46595BDE4}"
EndProject
Global
	GlobalSection(SolutionConfigurationPlatforms) = preSolution
		Debug|Any CPU = Debug|Any CPU
		Release|Any CPU = Release|Any CPU
	EndGlobalSection
	GlobalSection(ProjectConfigurationPlatforms) = postSolution
		{C6F239A3-EFA8-479B-B9FE-2C572AFDEAA6}.Debug|Any CPU.ActiveCfg = Debug|Any CPU
		{C6F239A3-EFA8-479B-B9FE-2C572AFDEAA6}.Debug|Any CPU.Build.0 = Debug|Any CPU
		{C6F239A3-EFA8-479B-B9FE-2C572AFDEAA6}.Release|Any CPU.ActiveCfg = Release|Any CPU
		{C6F239A3-EFA8-479B-B9FE-2C572AFDEAA6}.Release|Any CPU.Build.0 = Release|Any CPU
		{BCE465F2-496F-48E9-8246-CCC46595BDE4}.Debug|Any CPU.ActiveCfg = Debug|Any CPU
		{BCE465F2-496F-48E9-8246-CCC46595BDE4}.Debug|Any CPU.Build.0 = Debug|Any CPU
		{BCE465F2-496F-48E9-8246-CCC46595BDE4}.Release|Any CPU.ActiveCfg = Release|Any CPU
		{BCE465F2-496F-48E9-8246-CCC46595BDE4}.Release|Any CPU.Build.0 = Release|Any CPU
	EndGlobalSection
	GlobalSection(SolutionProperties) = preSolution
		HideSolutionNode = FALSE
	EndGlobalSection
	GlobalSection(ExtensibilityGlobals) = postSolution
		SolutionGuid = {BF1304FF-A13D-4563-AC18-25DDC8819784}
	EndGlobalSection
EndGlobal
