
Microsoft Visual Studio Solution File, Format Version 12.00
# Visual Studio Version 17
VisualStudioVersion = 17.6.33815.320
MinimumVisualStudioVersion = 10.0.40219.1
Project("{FAE04EC0-301F-11D3-BF4B-00C04F79EFBC}") = "Microsoft.Sentinel.ValidationFramework", "Microsoft.Sentinel.ValidationFramework.csproj", "{758800C3-3BA7-43E2-A340-D07D39C52E0C}"
EndProject
Global
	GlobalSection(SolutionConfigurationPlatforms) = preSolution
		Debug|Any CPU = Debug|Any CPU
		Release|Any CPU = Release|Any CPU
	EndGlobalSection
	GlobalSection(ProjectConfigurationPlatforms) = postSolution
		{758800C3-3BA7-43E2-A340-D07D39C52E0C}.Debug|Any CPU.ActiveCfg = Debug|Any CPU
		{758800C3-3BA7-43E2-A340-D07D39C52E0C}.Debug|Any CPU.Build.0 = Debug|Any CPU
		{758800C3-3BA7-43E2-A340-D07D39C52E0C}.Release|Any CPU.ActiveCfg = Release|Any CPU
		{758800C3-3BA7-43E2-A340-D07D39C52E0C}.Release|Any CPU.Build.0 = Release|Any CPU
	EndGlobalSection
	GlobalSection(SolutionProperties) = preSolution
		HideSolutionNode = FALSE
	EndGlobalSection
	GlobalSection(ExtensibilityGlobals) = postSolution
		SolutionGuid = {6AAF047F-F2B7-4063-9984-77132B726100}
	EndGlobalSection
EndGlobal
