{
  "name": "sentinel-xdr-kql",
  "version": "1.0.0",
  "lockfileVersion": 3,
  "requires": true,
  "packages": {
    "": {
      "name": "sentinel-xdr-kql",
      "version": "1.0.0",
      "dependencies": {
        "@kusto/language-service-next": "12.4.1"
      }
    },
    "node_modules/@kusto/language-service-next": {
      "version": "12.4.1",
      "resolved": "https://ms-feed-25.pkgs.visualstudio.com/1es-public/_packaging/npm-public/npm/registry/@kusto/language-service-next/-/language-service-next-12.4.1.tgz",
      "integrity": "sha1-+RwdNtpJQqVy+40jaJ5JR+Ymau8=",
      "license": "MIT"
    }
  }
}
