Microsoft Visual Studio Solution File, Format Version 12.00
# Visual Studio Version 17
VisualStudioVersion = 17.5.2.0
MinimumVisualStudioVersion = 10.0.40219.1
Project("{FAE04EC0-301F-11D3-BF4B-00C04F79EFBC}") = "BeyondTrustPMCloud", "BeyondTrustPMCloud.csproj", "{508BA870-A0B2-DCC5-005B-779F0D3E846A}"
EndProject
Project("{2150E333-8FDC-42A3-9474-1A3956D46DE8}") = "obj", "obj", "{CA285D67-BB6D-2923-29FD-B5A1C6B8EB24}"
EndProject
Project("{2150E333-8FDC-42A3-9474-1A3956D46DE8}") = "Debug", "Debug", "{3DB07252-4F5B-61B7-192E-6C40720DF607}"
EndProject
Project("{2150E333-8FDC-42A3-9474-1A3956D46DE8}") = "net8.0", "net8.0", "{BA64DA0F-47DD-4310-553B-4CC85DEE94FB}"
EndProject
Project("{FAE04EC0-301F-11D3-BF4B-00C04F79EFBC}") = "WorkerExtensions", "obj\Debug\net8.0\WorkerExtensions\WorkerExtensions.csproj", "{D5C34E5E-AF2B-711A-19AB-60979F4F9D10}"
EndProject
Global
	GlobalSection(SolutionConfigurationPlatforms) = preSolution
		Debug|Any CPU = Debug|Any CPU
		Release|Any CPU = Release|Any CPU
	EndGlobalSection
	GlobalSection(ProjectConfigurationPlatforms) = postSolution
		{508BA870-A0B2-DCC5-005B-779F0D3E846A}.Debug|Any CPU.ActiveCfg = Debug|Any CPU
		{508BA870-A0B2-DCC5-005B-779F0D3E846A}.Debug|Any CPU.Build.0 = Debug|Any CPU
		{508BA870-A0B2-DCC5-005B-779F0D3E846A}.Release|Any CPU.ActiveCfg = Release|Any CPU
		{508BA870-A0B2-DCC5-005B-779F0D3E846A}.Release|Any CPU.Build.0 = Release|Any CPU
		{D5C34E5E-AF2B-711A-19AB-60979F4F9D10}.Debug|Any CPU.ActiveCfg = Debug|Any CPU
		{D5C34E5E-AF2B-711A-19AB-60979F4F9D10}.Debug|Any CPU.Build.0 = Debug|Any CPU
		{D5C34E5E-AF2B-711A-19AB-60979F4F9D10}.Release|Any CPU.ActiveCfg = Release|Any CPU
		{D5C34E5E-AF2B-711A-19AB-60979F4F9D10}.Release|Any CPU.Build.0 = Release|Any CPU
	EndGlobalSection
	GlobalSection(SolutionProperties) = preSolution
		HideSolutionNode = FALSE
	EndGlobalSection
	GlobalSection(NestedProjects) = preSolution
		{3DB07252-4F5B-61B7-192E-6C40720DF607} = {CA285D67-BB6D-2923-29FD-B5A1C6B8EB24}
		{BA64DA0F-47DD-4310-553B-4CC85DEE94FB} = {3DB07252-4F5B-61B7-192E-6C40720DF607}
		{D5C34E5E-AF2B-711A-19AB-60979F4F9D10} = {BA64DA0F-47DD-4310-553B-4CC85DEE94FB}
	EndGlobalSection
	GlobalSection(ExtensibilityGlobals) = postSolution
		SolutionGuid = {45D49A6B-B457-4A01-8B21-93375555E21B}
	EndGlobalSection
EndGlobal
