
Microsoft Visual Studio Solution File, Format Version 12.00
# Visual Studio Version 17
VisualStudioVersion = 17.12.35527.113
MinimumVisualStudioVersion = 10.0.40219.1
Project("{FAE04EC0-301F-11D3-BF4B-00C04F79EFBC}") = "Veeam.Sentinel.FunctionApp", "Veeam.Sentinel.FunctionApp.csproj", "{F6892FBA-F160-4AE8-81CB-B67224A1CD4D}"
EndProject
Project("{FAE04EC0-301F-11D3-BF4B-00C04F79EFBC}") = "Veeam.Sentinel.FunctionApp.Tests", "..\Veeam.Sentinel.FunctionApp.Tests\Veeam.Sentinel.FunctionApp.Tests.csproj", "{A359E7A2-D067-4765-A155-53F7A0A99DA6}"
EndProject
Project("{FAE04EC0-301F-11D3-BF4B-00C04F79EFBC}") = "VoneApiClient", "..\VoneApiClient\VoneApiClient.csproj", "{90011978-7806-4A81-97F1-914DD83FC82A}"
EndProject
Project("{FAE04EC0-301F-11D3-BF4B-00C04F79EFBC}") = "CovewareApiClient", "..\CovewareApiClient\CovewareApiClient.csproj", "{94906DAF-5E1F-4AEB-AF21-026C86826A21}"
EndProject
Global
	GlobalSection(SolutionConfigurationPlatforms) = preSolution
		Debug|Any CPU = Debug|Any CPU
		Debug|x64 = Debug|x64
		Debug|x86 = Debug|x86
		Release|Any CPU = Release|Any CPU
		Release|x64 = Release|x64
		Release|x86 = Release|x86
	EndGlobalSection
	GlobalSection(ProjectConfigurationPlatforms) = postSolution
		{F6892FBA-F160-4AE8-81CB-B67224A1CD4D}.Debug|Any CPU.ActiveCfg = Debug|Any CPU
		{F6892FBA-F160-4AE8-81CB-B67224A1CD4D}.Debug|Any CPU.Build.0 = Debug|Any CPU
		{F6892FBA-F160-4AE8-81CB-B67224A1CD4D}.Debug|x64.ActiveCfg = Debug|Any CPU
		{F6892FBA-F160-4AE8-81CB-B67224A1CD4D}.Debug|x64.Build.0 = Debug|Any CPU
		{F6892FBA-F160-4AE8-81CB-B67224A1CD4D}.Debug|x86.ActiveCfg = Debug|Any CPU
		{F6892FBA-F160-4AE8-81CB-B67224A1CD4D}.Debug|x86.Build.0 = Debug|Any CPU
		{F6892FBA-F160-4AE8-81CB-B67224A1CD4D}.Release|Any CPU.ActiveCfg = Release|Any CPU
		{F6892FBA-F160-4AE8-81CB-B67224A1CD4D}.Release|Any CPU.Build.0 = Release|Any CPU
		{F6892FBA-F160-4AE8-81CB-B67224A1CD4D}.Release|x64.ActiveCfg = Release|Any CPU
		{F6892FBA-F160-4AE8-81CB-B67224A1CD4D}.Release|x64.Build.0 = Release|Any CPU
		{F6892FBA-F160-4AE8-81CB-B67224A1CD4D}.Release|x86.ActiveCfg = Release|Any CPU
		{F6892FBA-F160-4AE8-81CB-B67224A1CD4D}.Release|x86.Build.0 = Release|Any CPU
		{A359E7A2-D067-4765-A155-53F7A0A99DA6}.Debug|Any CPU.ActiveCfg = Debug|Any CPU
		{A359E7A2-D067-4765-A155-53F7A0A99DA6}.Debug|Any CPU.Build.0 = Debug|Any CPU
		{A359E7A2-D067-4765-A155-53F7A0A99DA6}.Debug|x64.ActiveCfg = Debug|Any CPU
		{A359E7A2-D067-4765-A155-53F7A0A99DA6}.Debug|x64.Build.0 = Debug|Any CPU
		{A359E7A2-D067-4765-A155-53F7A0A99DA6}.Debug|x86.ActiveCfg = Debug|Any CPU
		{A359E7A2-D067-4765-A155-53F7A0A99DA6}.Debug|x86.Build.0 = Debug|Any CPU
		{A359E7A2-D067-4765-A155-53F7A0A99DA6}.Release|Any CPU.ActiveCfg = Release|Any CPU
		{A359E7A2-D067-4765-A155-53F7A0A99DA6}.Release|Any CPU.Build.0 = Release|Any CPU
		{A359E7A2-D067-4765-A155-53F7A0A99DA6}.Release|x64.ActiveCfg = Release|Any CPU
		{A359E7A2-D067-4765-A155-53F7A0A99DA6}.Release|x64.Build.0 = Release|Any CPU
		{A359E7A2-D067-4765-A155-53F7A0A99DA6}.Release|x86.ActiveCfg = Release|Any CPU
		{A359E7A2-D067-4765-A155-53F7A0A99DA6}.Release|x86.Build.0 = Release|Any CPU
		{90011978-7806-4A81-97F1-914DD83FC82A}.Debug|Any CPU.ActiveCfg = Debug|Any CPU
		{90011978-7806-4A81-97F1-914DD83FC82A}.Debug|Any CPU.Build.0 = Debug|Any CPU
		{90011978-7806-4A81-97F1-914DD83FC82A}.Debug|x64.ActiveCfg = Debug|Any CPU
		{90011978-7806-4A81-97F1-914DD83FC82A}.Debug|x64.Build.0 = Debug|Any CPU
		{90011978-7806-4A81-97F1-914DD83FC82A}.Debug|x86.ActiveCfg = Debug|Any CPU
		{90011978-7806-4A81-97F1-914DD83FC82A}.Debug|x86.Build.0 = Debug|Any CPU
		{90011978-7806-4A81-97F1-914DD83FC82A}.Release|Any CPU.ActiveCfg = Release|Any CPU
		{90011978-7806-4A81-97F1-914DD83FC82A}.Release|Any CPU.Build.0 = Release|Any CPU
		{90011978-7806-4A81-97F1-914DD83FC82A}.Release|x64.ActiveCfg = Release|Any CPU
		{90011978-7806-4A81-97F1-914DD83FC82A}.Release|x64.Build.0 = Release|Any CPU
		{90011978-7806-4A81-97F1-914DD83FC82A}.Release|x86.ActiveCfg = Release|Any CPU
		{90011978-7806-4A81-97F1-914DD83FC82A}.Release|x86.Build.0 = Release|Any CPU
		{94906DAF-5E1F-4AEB-AF21-026C86826A21}.Debug|Any CPU.ActiveCfg = Debug|Any CPU
		{94906DAF-5E1F-4AEB-AF21-026C86826A21}.Debug|Any CPU.Build.0 = Debug|Any CPU
		{94906DAF-5E1F-4AEB-AF21-026C86826A21}.Debug|x64.ActiveCfg = Debug|Any CPU
		{94906DAF-5E1F-4AEB-AF21-026C86826A21}.Debug|x64.Build.0 = Debug|Any CPU
		{94906DAF-5E1F-4AEB-AF21-026C86826A21}.Debug|x86.ActiveCfg = Debug|Any CPU
		{94906DAF-5E1F-4AEB-AF21-026C86826A21}.Debug|x86.Build.0 = Debug|Any CPU
		{94906DAF-5E1F-4AEB-AF21-026C86826A21}.Release|Any CPU.ActiveCfg = Release|Any CPU
		{94906DAF-5E1F-4AEB-AF21-026C86826A21}.Release|Any CPU.Build.0 = Release|Any CPU
		{94906DAF-5E1F-4AEB-AF21-026C86826A21}.Release|x64.ActiveCfg = Release|Any CPU
		{94906DAF-5E1F-4AEB-AF21-026C86826A21}.Release|x64.Build.0 = Release|Any CPU
		{94906DAF-5E1F-4AEB-AF21-026C86826A21}.Release|x86.ActiveCfg = Release|Any CPU
		{94906DAF-5E1F-4AEB-AF21-026C86826A21}.Release|x86.Build.0 = Release|Any CPU
	EndGlobalSection
	GlobalSection(SolutionProperties) = preSolution
		HideSolutionNode = FALSE
	EndGlobalSection
	GlobalSection(ExtensibilityGlobals) = postSolution
		SolutionGuid = {A098C610-A86D-4408-B071-5596D02C164C}
	EndGlobalSection
EndGlobal
