{
  "name": "sentinel-data-connector-agent-builder",
  "version": "0.1.0",
  "lockfileVersion": 3,
  "requires": true,
  "packages": {
    "": {
      "name": "sentinel-data-connector-agent-builder",
      "version": "0.1.0",
      "devDependencies": {
        "@types/vscode": "^1.93.0"
      },
      "engines": {
        "vscode": "^1.93.0"
      }
    },
    "node_modules/@types/vscode": {
      "version": "1.120.0",
      "resolved": "https://registry.npmjs.org/@types/vscode/-/vscode-1.120.0.tgz",
      "integrity": "sha512-feaT4Rst+FkTch5zz/ZbNCxoIvo55YU80Be2kiL7OJcod4+CUYf2lUBPdIJzozNnSEMq1VRTGrWEcCGFB3fBmA==",
      "dev": true,
      "license": "MIT"
    }
  }
}
